<?xml version="1.0" encoding="utf-8"?>
<Project ToolsVersion="4.0" xmlns="http://schemas.microsoft.com/developer/msbuild/2003">
  <ItemGroup>
    <ClCompile Include="main.cpp" />
    <ClCompile Include="render\imgui\imgui.cpp" />
    <ClCompile Include="render\imgui\imgui_demo.cpp" />
    <ClCompile Include="render\imgui\imgui_draw.cpp" />
    <ClCompile Include="render\imgui\imgui_impl_dx9.cpp" />
    <ClCompile Include="render\imgui\imgui_impl_win32.cpp" />
    <ClCompile Include="render\imgui\imgui_tables.cpp" />
    <ClCompile Include="render\imgui\imgui_widgets.cpp" />
    <ClCompile Include="game\esp\esp.cpp" />
    <ClCompile Include="game\aim\aimbot.cpp" />
    <ClCompile Include="game\exploits\exploits.cpp" />
  </ItemGroup>
  <ItemGroup>
    <ClInclude Include="imgui\imgui_impl_dx9.h">
      <Filter>IMGUI</Filter>
    </ClInclude>
    <ClInclude Include="imgui\imgui_impl_win32.h">
      <Filter>IMGUI</Filter>
    </ClInclude>
    <ClInclude Include="imgui\imgui_internal.h">
      <Filter>IMGUI</Filter>
    </ClInclude>
    <ClInclude Include="imgui\imstb_truetype.h">
      <Filter>IMGUI</Filter>
    </ClInclude>
    <ClInclude Include="imgui\imstb_textedit.h">
      <Filter>IMGUI</Filter>
    </ClInclude>
    <ClInclude Include="imgui\imstb_rectpack.h">
      <Filter>IMGUI</Filter>
    </ClInclude>
    <ClInclude Include="imgui\imgui.h">
      <Filter>IMGUI</Filter>
    </ClInclude>
    <ClInclude Include="imgui\imconfig.h">
      <Filter>IMGUI</Filter>
    </ClInclude>
    <ClInclude Include="game\game.hpp" />
    <ClInclude Include="render\imgui\imconfig.h" />
    <ClInclude Include="render\imgui\imgui.h" />
    <ClInclude Include="render\imgui\imgui_impl_dx9.h" />
    <ClInclude Include="render\imgui\imgui_impl_win32.h" />
    <ClInclude Include="render\imgui\imgui_internal.h" />
    <ClInclude Include="render\imgui\imstb_rectpack.h" />
    <ClInclude Include="render\imgui\imstb_textedit.h" />
    <ClInclude Include="render\imgui\imstb_truetype.h" />
    <ClInclude Include="render\gui.hpp" />
    <ClInclude Include="render\icons.h" />
    <ClInclude Include="render\image.h" />
    <ClInclude Include="sdk and offsets\offsets.hpp" />
    <ClInclude Include="sdk and offsets\sdk.hpp" />
    <ClInclude Include="render\fonts.h" />
    <ClInclude Include="driver\driver.hpp" />
    <ClInclude Include="game\esp\esp.h" />
    <ClInclude Include="game\aim\aimbot.h" />
    <ClInclude Include="game\exploits\exploits.h" />
    <ClInclude Include="sdk and offsets\decryption.hpp" />
    <ClInclude Include="other\Config.h" />
    <ClInclude Include="other\input.hpp" />
    <ClInclude Include="other\settings.hpp" />
    <ClInclude Include="includes.hpp" />
  </ItemGroup>
  <ItemGroup>
    <Library Include="d3d9.lib" />
  </ItemGroup>
  <ItemGroup>
    <Filter Include="IMGUI">
      <UniqueIdentifier>{e2d3c9e3-8f2b-4680-8a14-c11bdebccb2f}</UniqueIdentifier>
    </Filter>
  </ItemGroup>
</Project>